
Microsoft Visual Studio Solution File, Format Version 12.00
# Visual Studio Version 16
VisualStudioVersion = 16.0.30523.141
MinimumVisualStudioVersion = 10.0.40219.1
Project("{8BC9CEB8-8B4A-11D0-8D11-00A0C91BC942}") = "Lab_11.4", "Lab_11.4\Lab_11.4.vcxproj", "{AA1BAA0D-2824-4583-A75B-2A4CEBB58DCF}"
EndProject
Project("{8BC9CEB8-8B4A-11D0-8D11-00A0C91BC942}") = "UnitTest(Lab_11.4)", "UnitTest(Lab_11.4)\UnitTest(Lab_11.4).vcxproj", "{10F48413-FF68-47AB-BD72-75AFDA9079C2}"
EndProject
Global
	GlobalSection(SolutionConfigurationPlatforms) = preSolution
		Debug|x64 = Debug|x64
		Debug|x86 = Debug|x86
		Release|x64 = Release|x64
		Release|x86 = Release|x86
	EndGlobalSection
	GlobalSection(ProjectConfigurationPlatforms) = postSolution
		{AA1BAA0D-2824-4583-A75B-2A4CEBB58DCF}.Debug|x64.ActiveCfg = Debug|x64
		{AA1BAA0D-2824-4583-A75B-2A4CEBB58DCF}.Debug|x64.Build.0 = Debug|x64
		{AA1BAA0D-2824-4583-A75B-2A4CEBB58DCF}.Debug|x86.ActiveCfg = Debug|Win32
		{AA1BAA0D-2824-4583-A75B-2A4CEBB58DCF}.Debug|x86.Build.0 = Debug|Win32
		{AA1BAA0D-2824-4583-A75B-2A4CEBB58DCF}.Release|x64.ActiveCfg = Release|x64
		{AA1BAA0D-2824-4583-A75B-2A4CEBB58DCF}.Release|x64.Build.0 = Release|x64
		{AA1BAA0D-2824-4583-A75B-2A4CEBB58DCF}.Release|x86.ActiveCfg = Release|Win32
		{AA1BAA0D-2824-4583-A75B-2A4CEBB58DCF}.Release|x86.Build.0 = Release|Win32
		{10F48413-FF68-47AB-BD72-75AFDA9079C2}.Debug|x64.ActiveCfg = Debug|x64
		{10F48413-FF68-47AB-BD72-75AFDA9079C2}.Debug|x64.Build.0 = Debug|x64
		{10F48413-FF68-47AB-BD72-75AFDA9079C2}.Debug|x86.ActiveCfg = Debug|Win32
		{10F48413-FF68-47AB-BD72-75AFDA9079C2}.Debug|x86.Build.0 = Debug|Win32
		{10F48413-FF68-47AB-BD72-75AFDA9079C2}.Release|x64.ActiveCfg = Release|x64
		{10F48413-FF68-47AB-BD72-75AFDA9079C2}.Release|x64.Build.0 = Release|x64
		{10F48413-FF68-47AB-BD72-75AFDA9079C2}.Release|x86.ActiveCfg = Release|Win32
		{10F48413-FF68-47AB-BD72-75AFDA9079C2}.Release|x86.Build.0 = Release|Win32
	EndGlobalSection
	GlobalSection(SolutionProperties) = preSolution
		HideSolutionNode = FALSE
	EndGlobalSection
	GlobalSection(ExtensibilityGlobals) = postSolution
		SolutionGuid = {337EB503-9762-45B5-AEE3-B0A9449A73CF}
	EndGlobalSection
EndGlobal
